// !$*UTF8*$!
{
	archiveVersion = 1;
	classes = {
	};
	objectVersion = 51;
	objects = {

/* Begin PBXBuildFile section */
		0D12D7031043E6F13D1E7CCF /* Pods_FlixTests.framework in Frameworks */ = {isa = PBXBuildFile; fileRef = A60988DCBD013DA2EBF55A96 /* Pods_FlixTests.framework */; };
		3D39F2396AF18DDD51FAB3AB /* Pods_Flix_FlixUITests.framework in Frameworks */ = {isa = PBXBuildFile; fileRef = CEA75B96DC18DAAC70D45E73 /* Pods_Flix_FlixUITests.framework */; };
		76BFF720A1001AF4A097128B /* Pods_Flix.framework in Frameworks */ = {isa = PBXBuildFile; fileRef = 224F76341EECC8D9E839DE8F /* Pods_Flix.framework */; };
		FF00D42A25DE1A8200C95ACE /* AppDelegate.swift in Sources */ = {isa = PBXBuildFile; fileRef = FF00D42925DE1A8200C95ACE /* AppDelegate.swift */; };
		FF00D42C25DE1A8200C95ACE /* SceneDelegate.swift in Sources */ = {isa = PBXBuildFile; fileRef = FF00D42B25DE1A8200C95ACE /* SceneDelegate.swift */; };
		FF00D43125DE1A8200C95ACE /* Main.storyboard in Resources */ = {isa = PBXBuildFile; fileRef = FF00D42F25DE1A8200C95ACE /* Main.storyboard */; };
		FF00D43325DE1A8400C95ACE /* Assets.xcassets in Resources */ = {isa = PBXBuildFile; fileRef = FF00D43225DE1A8400C95ACE /* Assets.xcassets */; };
		FF00D43625DE1A8400C95ACE /* LaunchScreen.storyboard in Resources */ = {isa = PBXBuildFile; fileRef = FF00D43425DE1A8400C95ACE /* LaunchScreen.storyboard */; };
		FF00D44125DE1A8400C95ACE /* FlixTests.swift in Sources */ = {isa = PBXBuildFile; fileRef = FF00D44025DE1A8400C95ACE /* FlixTests.swift */; };
		FF00D44C25DE1A8400C95ACE /* FlixUITests.swift in Sources */ = {isa = PBXBuildFile; fileRef = FF00D44B25DE1A8400C95ACE /* FlixUITests.swift */; };
		FF2552D325E7235D00548049 /* MoviesDetailsViewController.swift in Sources */ = {isa = PBXBuildFile; fileRef = FF2552D225E7235D00548049 /* MoviesDetailsViewController.swift */; };
		FF8EFC6A25DE2110002FD3FD /* MoviesViewController.swift in Sources */ = {isa = PBXBuildFile; fileRef = FF8EFC6925DE2110002FD3FD /* MoviesViewController.swift */; };
		FF8EFC6F25DE2853002FD3FD /* MovieCell.swift in Sources */ = {isa = PBXBuildFile; fileRef = FF8EFC6E25DE2853002FD3FD /* MovieCell.swift */; };
		FFC4797325E74A7D0095FF04 /* MovieGridViewController.swift in Sources */ = {isa = PBXBuildFile; fileRef = FFC4797225E74A7D0095FF04 /* MovieGridViewController.swift */; };
		FFC4797825E7503A0095FF04 /* MovieGridCell.swift in Sources */ = {isa = PBXBuildFile; fileRef = FFC4797725E7503A0095FF04 /* MovieGridCell.swift */; };
/* End PBXBuildFile section */

/* Begin PBXContainerItemProxy section */
		FF00D43D25DE1A8400C95ACE /* PBXContainerItemProxy */ = {
			isa = PBXContainerItemProxy;
			containerPortal = FF00D41E25DE1A8200C95ACE /* Project object */;
			proxyType = 1;
			remoteGlobalIDString = FF00D42525DE1A8200C95ACE;
			remoteInfo = Flix;
		};
		FF00D44825DE1A8400C95ACE /* PBXContainerItemProxy */ = {
			isa = PBXContainerItemProxy;
			containerPortal = FF00D41E25DE1A8200C95ACE /* Project object */;
			proxyType = 1;
			remoteGlobalIDString = FF00D42525DE1A8200C95ACE;
			remoteInfo = Flix;
		};
/* End PBXContainerItemProxy section */

/* Begin PBXFileReference section */
		2006DF9F8AB3006B276ED6F4 /* Pods-FlixTests.release.xcconfig */ = {isa = PBXFileReference; includeInIndex = 1; lastKnownFileType = text.xcconfig; name = "Pods-FlixTests.release.xcconfig"; path = "Target Support Files/Pods-FlixTests/Pods-FlixTests.release.xcconfig"; sourceTree = "<group>"; };
		224F76341EECC8D9E839DE8F /* Pods_Flix.framework */ = {isa = PBXFileReference; explicitFileType = wrapper.framework; includeInIndex = 0; path = Pods_Flix.framework; sourceTree = BUILT_PRODUCTS_DIR; };
		3687D0B02C9AD12FE3532A5A /* Pods-Flix-FlixUITests.debug.xcconfig */ = {isa = PBXFileReference; includeInIndex = 1; lastKnownFileType = text.xcconfig; name = "Pods-Flix-FlixUITests.debug.xcconfig"; path = "Target Support Files/Pods-Flix-FlixUITests/Pods-Flix-FlixUITests.debug.xcconfig"; sourceTree = "<group>"; };
		7933E7C79837B3A573D0B2D0 /* Pods-Flix.debug.xcconfig */ = {isa = PBXFileReference; includeInIndex = 1; lastKnownFileType = text.xcconfig; name = "Pods-Flix.debug.xcconfig"; path = "Target Support Files/Pods-Flix/Pods-Flix.debug.xcconfig"; sourceTree = "<group>"; };
		7EC2A994F5BBE108151D4722 /* Pods-Flix-FlixUITests.release.xcconfig */ = {isa = PBXFileReference; includeInIndex = 1; lastKnownFileType = text.xcconfig; name = "Pods-Flix-FlixUITests.release.xcconfig"; path = "Target Support Files/Pods-Flix-FlixUITests/Pods-Flix-FlixUITests.release.xcconfig"; sourceTree = "<group>"; };
		9CB61BBD07F4B4C6730B22A6 /* Pods-Flix.release.xcconfig */ = {isa = PBXFileReference; includeInIndex = 1; lastKnownFileType = text.xcconfig; name = "Pods-Flix.release.xcconfig"; path = "Target Support Files/Pods-Flix/Pods-Flix.release.xcconfig"; sourceTree = "<group>"; };
		A60988DCBD013DA2EBF55A96 /* Pods_FlixTests.framework */ = {isa = PBXFileReference; explicitFileType = wrapper.framework; includeInIndex = 0; path = Pods_FlixTests.framework; sourceTree = BUILT_PRODUCTS_DIR; };
		CEA75B96DC18DAAC70D45E73 /* Pods_Flix_FlixUITests.framework */ = {isa = PBXFileReference; explicitFileType = wrapper.framework; includeInIndex = 0; path = Pods_Flix_FlixUITests.framework; sourceTree = BUILT_PRODUCTS_DIR; };
		F1E0B0B83C580ACAC8C2A5E4 /* Pods-FlixTests.debug.xcconfig */ = {isa = PBXFileReference; includeInIndex = 1; lastKnownFileType = text.xcconfig; name = "Pods-FlixTests.debug.xcconfig"; path = "Target Support Files/Pods-FlixTests/Pods-FlixTests.debug.xcconfig"; sourceTree = "<group>"; };
		FF00D42625DE1A8200C95ACE /* Flix.app */ = {isa = PBXFileReference; explicitFileType = wrapper.application; includeInIndex = 0; path = Flix.app; sourceTree = BUILT_PRODUCTS_DIR; };
		FF00D42925DE1A8200C95ACE /* AppDelegate.swift */ = {isa = PBXFileReference; lastKnownFileType = sourcecode.swift; path = AppDelegate.swift; sourceTree = "<group>"; };
		FF00D42B25DE1A8200C95ACE /* SceneDelegate.swift */ = {isa = PBXFileReference; lastKnownFileType = sourcecode.swift; path = SceneDelegate.swift; sourceTree = "<group>"; };
		FF00D43025DE1A8200C95ACE /* Base */ = {isa = PBXFileReference; lastKnownFileType = file.storyboard; name = Base; path = Base.lproj/Main.storyboard; sourceTree = "<group>"; };
		FF00D43225DE1A8400C95ACE /* Assets.xcassets */ = {isa = PBXFileReference; lastKnownFileType = folder.assetcatalog; path = Assets.xcassets; sourceTree = "<group>"; };
		FF00D43525DE1A8400C95ACE /* Base */ = {isa = PBXFileReference; lastKnownFileType = file.storyboard; name = Base; path = Base.lproj/LaunchScreen.storyboard; sourceTree = "<group>"; };
		FF00D43725DE1A8400C95ACE /* Info.plist */ = {isa = PBXFileReference; lastKnownFileType = text.plist.xml; path = Info.plist; sourceTree = "<group>"; };
		FF00D43C25DE1A8400C95ACE /* FlixTests.xctest */ = {isa = PBXFileReference; explicitFileType = wrapper.cfbundle; includeInIndex = 0; path = FlixTests.xctest; sourceTree = BUILT_PRODUCTS_DIR; };
		FF00D44025DE1A8400C95ACE /* FlixTests.swift */ = {isa = PBXFileReference; lastKnownFileType = sourcecode.swift; path = FlixTests.swift; sourceTree = "<group>"; };
		FF00D44225DE1A8400C95ACE /* Info.plist */ = {isa = PBXFileReference; lastKnownFileType = text.plist.xml; path = Info.plist; sourceTree = "<group>"; };
		FF00D44725DE1A8400C95ACE /* FlixUITests.xctest */ = {isa = PBXFileReference; explicitFileType = wrapper.cfbundle; includeInIndex = 0; path = FlixUITests.xctest; sourceTree = BUILT_PRODUCTS_DIR; };
		FF00D44B25DE1A8400C95ACE /* FlixUITests.swift */ = {isa = PBXFileReference; lastKnownFileType = sourcecode.swift; path = FlixUITests.swift; sourceTree = "<group>"; };
		FF00D44D25DE1A8400C95ACE /* Info.plist */ = {isa = PBXFileReference; lastKnownFileType = text.plist.xml; path = Info.plist; sourceTree = "<group>"; };
		FF2552D225E7235D00548049 /* MoviesDetailsViewController.swift */ = {isa = PBXFileReference; lastKnownFileType = sourcecode.swift; path = MoviesDetailsViewController.swift; sourceTree = "<group>"; };
		FF8EFC6925DE2110002FD3FD /* MoviesViewController.swift */ = {isa = PBXFileReference; lastKnownFileType = sourcecode.swift; path = MoviesViewController.swift; sourceTree = "<group>"; };
		FF8EFC6E25DE2853002FD3FD /* MovieCell.swift */ = {isa = PBXFileReference; lastKnownFileType = sourcecode.swift; path = MovieCell.swift; sourceTree = "<group>"; };
		FFC4797225E74A7D0095FF04 /* MovieGridViewController.swift */ = {isa = PBXFileReference; lastKnownFileType = sourcecode.swift; path = MovieGridViewController.swift; sourceTree = "<group>"; };
		FFC4797725E7503A0095FF04 /* MovieGridCell.swift */ = {isa = PBXFileReference; lastKnownFileType = sourcecode.swift; path = MovieGridCell.swift; sourceTree = "<group>"; };
/* End PBXFileReference section */

/* Begin PBXFrameworksBuildPhase section */
		FF00D42325DE1A8200C95ACE /* Frameworks */ = {
			isa = PBXFrameworksBuildPhase;
			buildActionMask = 2147483647;
			files = (
				76BFF720A1001AF4A097128B /* Pods_Flix.framework in Frameworks */,
			);
			runOnlyForDeploymentPostprocessing = 0;
		};
		FF00D43925DE1A8400C95ACE /* Frameworks */ = {
			isa = PBXFrameworksBuildPhase;
			buildActionMask = 2147483647;
			files = (
				0D12D7031043E6F13D1E7CCF /* Pods_FlixTests.framework in Frameworks */,
			);
			runOnlyForDeploymentPostprocessing = 0;
		};
		FF00D44425DE1A8400C95ACE /* Frameworks */ = {
			isa = PBXFrameworksBuildPhase;
			buildActionMask = 2147483647;
			files = (
				3D39F2396AF18DDD51FAB3AB /* Pods_Flix_FlixUITests.framework in Frameworks */,
			);
			runOnlyForDeploymentPostprocessing = 0;
		};
/* End PBXFrameworksBuildPhase section */

/* Begin PBXGroup section */
		15ABEA854AEAC38210BA5E89 /* Frameworks */ = {
			isa = PBXGroup;
			children = (
				224F76341EECC8D9E839DE8F /* Pods_Flix.framework */,
				CEA75B96DC18DAAC70D45E73 /* Pods_Flix_FlixUITests.framework */,
				A60988DCBD013DA2EBF55A96 /* Pods_FlixTests.framework */,
			);
			name = Frameworks;
			sourceTree = "<group>";
		};
		704A30FAEB95483D99D27A21 /* Pods */ = {
			isa = PBXGroup;
			children = (
				7933E7C79837B3A573D0B2D0 /* Pods-Flix.debug.xcconfig */,
				9CB61BBD07F4B4C6730B22A6 /* Pods-Flix.release.xcconfig */,
				3687D0B02C9AD12FE3532A5A /* Pods-Flix-FlixUITests.debug.xcconfig */,
				7EC2A994F5BBE108151D4722 /* Pods-Flix-FlixUITests.release.xcconfig */,
				F1E0B0B83C580ACAC8C2A5E4 /* Pods-FlixTests.debug.xcconfig */,
				2006DF9F8AB3006B276ED6F4 /* Pods-FlixTests.release.xcconfig */,
			);
			path = Pods;
			sourceTree = "<group>";
		};
		FF00D41D25DE1A8200C95ACE = {
			isa = PBXGroup;
			children = (
				FF00D42825DE1A8200C95ACE /* Flix */,
				FF00D43F25DE1A8400C95ACE /* FlixTests */,
				FF00D44A25DE1A8400C95ACE /* FlixUITests */,
				FF00D42725DE1A8200C95ACE /* Products */,
				704A30FAEB95483D99D27A21 /* Pods */,
				15ABEA854AEAC38210BA5E89 /* Frameworks */,
			);
			sourceTree = "<group>";
		};
		FF00D42725DE1A8200C95ACE /* Products */ = {
			isa = PBXGroup;
			children = (
				FF00D42625DE1A8200C95ACE /* Flix.app */,
				FF00D43C25DE1A8400C95ACE /* FlixTests.xctest */,
				FF00D44725DE1A8400C95ACE /* FlixUITests.xctest */,
			);
			name = Products;
			sourceTree = "<group>";
		};
		FF00D42825DE1A8200C95ACE /* Flix */ = {
			isa = PBXGroup;
			children = (
				FF00D42925DE1A8200C95ACE /* AppDelegate.swift */,
				FF00D42B25DE1A8200C95ACE /* SceneDelegate.swift */,
				FF00D42F25DE1A8200C95ACE /* Main.storyboard */,
				FF00D43225DE1A8400C95ACE /* Assets.xcassets */,
				FF00D43425DE1A8400C95ACE /* LaunchScreen.storyboard */,
				FF00D43725DE1A8400C95ACE /* Info.plist */,
				FF8EFC6925DE2110002FD3FD /* MoviesViewController.swift */,
				FF8EFC6E25DE2853002FD3FD /* MovieCell.swift */,
				FF2552D225E7235D00548049 /* MoviesDetailsViewController.swift */,
				FFC4797225E74A7D0095FF04 /* MovieGridViewController.swift */,
				FFC4797725E7503A0095FF04 /* MovieGridCell.swift */,
			);
			path = Flix;
			sourceTree = "<group>";
		};
		FF00D43F25DE1A8400C95ACE /* FlixTests */ = {
			isa = PBXGroup;
			children = (
				FF00D44025DE1A8400C95ACE /* FlixTests.swift */,
				FF00D44225DE1A8400C95ACE /* Info.plist */,
			);
			path = FlixTests;
			sourceTree = "<group>";
		};
		FF00D44A25DE1A8400C95ACE /* FlixUITests */ = {
			isa = PBXGroup;
			children = (
				FF00D44B25DE1A8400C95ACE /* FlixUITests.swift */,
				FF00D44D25DE1A8400C95ACE /* Info.plist */,
			);
			path = FlixUITests;
			sourceTree = "<group>";
		};
/* End PBXGroup section */

/* Begin PBXNativeTarget section */
		FF00D42525DE1A8200C95ACE /* Flix */ = {
			isa = PBXNativeTarget;
			buildConfigurationList = FF00D45025DE1A8400C95ACE /* Build configuration list for PBXNativeTarget "Flix" */;
			buildPhases = (
				E92BBEC11E813FD64740FC36 /* [CP] Check Pods Manifest.lock */,
				FF00D42225DE1A8200C95ACE /* Sources */,
				FF00D42325DE1A8200C95ACE /* Frameworks */,
				FF00D42425DE1A8200C95ACE /* Resources */,
				E7DB002C8F20732F60DD1E1F /* [CP] Embed Pods Frameworks */,
			);
			buildRules = (
			);
			dependencies = (
			);
			name = Flix;
			productName = Flix;
			productReference = FF00D42625DE1A8200C95ACE /* Flix.app */;
			productType = "com.apple.product-type.application";
		};
		FF00D43B25DE1A8400C95ACE /* FlixTests */ = {
			isa = PBXNativeTarget;
			buildConfigurationList = FF00D45325DE1A8400C95ACE /* Build configuration list for PBXNativeTarget "FlixTests" */;
			buildPhases = (
				A3B7FC43D0A37387AC0588CD /* [CP] Check Pods Manifest.lock */,
				FF00D43825DE1A8400C95ACE /* Sources */,
				FF00D43925DE1A8400C95ACE /* Frameworks */,
				FF00D43A25DE1A8400C95ACE /* Resources */,
			);
			buildRules = (
			);
			dependencies = (
				FF00D43E25DE1A8400C95ACE /* PBXTargetDependency */,
			);
			name = FlixTests;
			productName = FlixTests;
			productReference = FF00D43C25DE1A8400C95ACE /* FlixTests.xctest */;
			productType = "com.apple.product-type.bundle.unit-test";
		};
		FF00D44625DE1A8400C95ACE /* FlixUITests */ = {
			isa = PBXNativeTarget;
			buildConfigurationList = FF00D45625DE1A8400C95ACE /* Build configuration list for PBXNativeTarget "FlixUITests" */;
			buildPhases = (
				91AC6ED8D0A68129D99FA45E /* [CP] Check Pods Manifest.lock */,
				FF00D44325DE1A8400C95ACE /* Sources */,
				FF00D44425DE1A8400C95ACE /* Frameworks */,
				FF00D44525DE1A8400C95ACE /* Resources */,
				B6D20D623080DE45E0D94D45 /* [CP] Embed Pods Frameworks */,
			);
			buildRules = (
			);
			dependencies = (
				FF00D44925DE1A8400C95ACE /* PBXTargetDependency */,
			);
			name = FlixUITests;
			productName = FlixUITests;
			productReference = FF00D44725DE1A8400C95ACE /* FlixUITests.xctest */;
			productType = "com.apple.product-type.bundle.ui-testing";
		};
/* End PBXNativeTarget section */

/* Begin PBXProject section */
		FF00D41E25DE1A8200C95ACE /* Project object */ = {
			isa = PBXProject;
			attributes = {
				LastSwiftUpdateCheck = 1240;
				LastUpgradeCheck = 1240;
				TargetAttributes = {
					FF00D42525DE1A8200C95ACE = {
						CreatedOnToolsVersion = 12.4;
					};
					FF00D43B25DE1A8400C95ACE = {
						CreatedOnToolsVersion = 12.4;
						TestTargetID = FF00D42525DE1A8200C95ACE;
					};
					FF00D44625DE1A8400C95ACE = {
						CreatedOnToolsVersion = 12.4;
						TestTargetID = FF00D42525DE1A8200C95ACE;
					};
				};
			};
			buildConfigurationList = FF00D42125DE1A8200C95ACE /* Build configuration list for PBXProject "Flix" */;
			compatibilityVersion = "Xcode 9.3";
			developmentRegion = en;
			hasScannedForEncodings = 0;
			knownRegions = (
				en,
				Base,
			);
			mainGroup = FF00D41D25DE1A8200C95ACE;
			productRefGroup = FF00D42725DE1A8200C95ACE /* Products */;
			projectDirPath = "";
			projectRoot = "";
			targets = (
				FF00D42525DE1A8200C95ACE /* Flix */,
				FF00D43B25DE1A8400C95ACE /* FlixTests */,
				FF00D44625DE1A8400C95ACE /* FlixUITests */,
			);
		};
/* End PBXProject section */

/* Begin PBXResourcesBuildPhase section */
		FF00D42425DE1A8200C95ACE /* Resources */ = {
			isa = PBXResourcesBuildPhase;
			buildActionMask = 2147483647;
			files = (
				FF00D43625DE1A8400C95ACE /* LaunchScreen.storyboard in Resources */,
				FF00D43325DE1A8400C95ACE /* Assets.xcassets in Resources */,
				FF00D43125DE1A8200C95ACE /* Main.storyboard in Resources */,
			);
			runOnlyForDeploymentPostprocessing = 0;
		};
		FF00D43A25DE1A8400C95ACE /* Resources */ = {
			isa = PBXResourcesBuildPhase;
			buildActionMask = 2147483647;
			files = (
			);
			runOnlyForDeploymentPostprocessing = 0;
		};
		FF00D44525DE1A8400C95ACE /* Resources */ = {
			isa = PBXResourcesBuildPhase;
			buildActionMask = 2147483647;
			files = (
			);
			runOnlyForDeploymentPostprocessing = 0;
		};
/* End PBXResourcesBuildPhase section */

/* Begin PBXShellScriptBuildPhase section */
		91AC6ED8D0A68129D99FA45E /* [CP] Check Pods Manifest.lock */ = {
			isa = PBXShellScriptBuildPhase;
			buildActionMask = 2147483647;
			files = (
			);
			inputFileListPaths = (
			);
			inputPaths = (
				"${PODS_PODFILE_DIR_PATH}/Podfile.lock",
				"${PODS_ROOT}/Manifest.lock",
			);
			name = "[CP] Check Pods Manifest.lock";
			outputFileListPaths = (
			);
			outputPaths = (
				"$(DERIVED_FILE_DIR)/Pods-Flix-FlixUITests-checkManifestLockResult.txt",
			);
			runOnlyForDeploymentPostprocessing = 0;
			shellPath = /bin/sh;
			shellScript = "diff \"${PODS_PODFILE_DIR_PATH}/Podfile.lock\" \"${PODS_ROOT}/Manifest.lock\" > /dev/null\nif [ $? != 0 ] ; then\n    # print error to STDERR\n    echo \"error: The sandbox is not in sync with the Podfile.lock. Run 'pod install' or update your CocoaPods installation.\" >&2\n    exit 1\nfi\n# This output is used by Xcode 'outputs' to avoid re-running this script phase.\necho \"SUCCESS\" > \"${SCRIPT_OUTPUT_FILE_0}\"\n";
			showEnvVarsInLog = 0;
		};
		A3B7FC43D0A37387AC0588CD /* [CP] Check Pods Manifest.lock */ = {
			isa = PBXShellScriptBuildPhase;
			buildActionMask = 2147483647;
			files = (
			);
			inputFileListPaths = (
			);
			inputPaths = (
				"${PODS_PODFILE_DIR_PATH}/Podfile.lock",
				"${PODS_ROOT}/Manifest.lock",
			);
			name = "[CP] Check Pods Manifest.lock";
			outputFileListPaths = (
			);
			outputPaths = (
				"$(DERIVED_FILE_DIR)/Pods-FlixTests-checkManifestLockResult.txt",
			);
			runOnlyForDeploymentPostprocessing = 0;
			shellPath = /bin/sh;
			shellScript = "diff \"${PODS_PODFILE_DIR_PATH}/Podfile.lock\" \"${PODS_ROOT}/Manifest.lock\" > /dev/null\nif [ $? != 0 ] ; then\n    # print error to STDERR\n    echo \"error: The sandbox is not in sync with the Podfile.lock. Run 'pod install' or update your CocoaPods installation.\" >&2\n    exit 1\nfi\n# This output is used by Xcode 'outputs' to avoid re-running this script phase.\necho \"SUCCESS\" > \"${SCRIPT_OUTPUT_FILE_0}\"\n";
			showEnvVarsInLog = 0;
		};
		B6D20D623080DE45E0D94D45 /* [CP] Embed Pods Frameworks */ = {
			isa = PBXShellScriptBuildPhase;
			buildActionMask = 2147483647;
			files = (
			);
			inputFileListPaths = (
				"${PODS_ROOT}/Target Support Files/Pods-Flix-FlixUITests/Pods-Flix-FlixUITests-frameworks-${CONFIGURATION}-input-files.xcfilelist",
			);
			name = "[CP] Embed Pods Frameworks";
			outputFileListPaths = (
				"${PODS_ROOT}/Target Support Files/Pods-Flix-FlixUITests/Pods-Flix-FlixUITests-frameworks-${CONFIGURATION}-output-files.xcfilelist",
			);
			runOnlyForDeploymentPostprocessing = 0;
			shellPath = /bin/sh;
			shellScript = "\"${PODS_ROOT}/Target Support Files/Pods-Flix-FlixUITests/Pods-Flix-FlixUITests-frameworks.sh\"\n";
			showEnvVarsInLog = 0;
		};
		E7DB002C8F20732F60DD1E1F /* [CP] Embed Pods Frameworks */ = {
			isa = PBXShellScriptBuildPhase;
			buildActionMask = 2147483647;
			files = (
			);
			inputFileListPaths = (
				"${PODS_ROOT}/Target Support Files/Pods-Flix/Pods-Flix-frameworks-${CONFIGURATION}-input-files.xcfilelist",
			);
			name = "[CP] Embed Pods Frameworks";
			outputFileListPaths = (
				"${PODS_ROOT}/Target Support Files/Pods-Flix/Pods-Flix-frameworks-${CONFIGURATION}-output-files.xcfilelist",
			);
			runOnlyForDeploymentPostprocessing = 0;
			shellPath = /bin/sh;
			shellScript = "\"${PODS_ROOT}/Target Support Files/Pods-Flix/Pods-Flix-frameworks.sh\"\n";
			showEnvVarsInLog = 0;
		};
		E92BBEC11E813FD64740FC36 /* [CP] Check Pods Manifest.lock */ = {
			isa = PBXShellScriptBuildPhase;
			buildActionMask = 2147483647;
			files = (
			);
			inputFileListPaths = (
			);
			inputPaths = (
				"${PODS_PODFILE_DIR_PATH}/Podfile.lock",
				"${PODS_ROOT}/Manifest.lock",
			);
			name = "[CP] Check Pods Manifest.lock";
			outputFileListPaths = (
			);
			outputPaths = (
				"$(DERIVED_FILE_DIR)/Pods-Flix-checkManifestLockResult.txt",
			);
			runOnlyForDeploymentPostprocessing = 0;
			shellPath = /bin/sh;
			shellScript = "diff \"${PODS_PODFILE_DIR_PATH}/Podfile.lock\" \"${PODS_ROOT}/Manifest.lock\" > /dev/null\nif [ $? != 0 ] ; then\n    # print error to STDERR\n    echo \"error: The sandbox is not in sync with the Podfile.lock. Run 'pod install' or update your CocoaPods installation.\" >&2\n    exit 1\nfi\n# This output is used by Xcode 'outputs' to avoid re-running this script phase.\necho \"SUCCESS\" > \"${SCRIPT_OUTPUT_FILE_0}\"\n";
			showEnvVarsInLog = 0;
		};
/* End PBXShellScriptBuildPhase section */

/* Begin PBXSourcesBuildPhase section */
		FF00D42225DE1A8200C95ACE /* Sources */ = {
			isa = PBXSourcesBuildPhase;
			buildActionMask = 2147483647;
			files = (
				FF00D42A25DE1A8200C95ACE /* AppDelegate.swift in Sources */,
				FF00D42C25DE1A8200C95ACE /* SceneDelegate.swift in Sources */,
				FF8EFC6F25DE2853002FD3FD /* MovieCell.swift in Sources */,
				FF2552D325E7235D00548049 /* MoviesDetailsViewController.swift in Sources */,
				FF8EFC6A25DE2110002FD3FD /* MoviesViewController.swift in Sources */,
				FFC4797325E74A7D0095FF04 /* MovieGridViewController.swift in Sources */,
				FFC4797825E7503A0095FF04 /* MovieGridCell.swift in Sources */,
			);
			runOnlyForDeploymentPostprocessing = 0;
		};
		FF00D43825DE1A8400C95ACE /* Sources */ = {
			isa = PBXSourcesBuildPhase;
			buildActionMask = 2147483647;
			files = (
				FF00D44125DE1A8400C95ACE /* FlixTests.swift in Sources */,
			);
			runOnlyForDeploymentPostprocessing = 0;
		};
		FF00D44325DE1A8400C95ACE /* Sources */ = {
			isa = PBXSourcesBuildPhase;
			buildActionMask = 2147483647;
			files = (
				FF00D44C25DE1A8400C95ACE /* FlixUITests.swift in Sources */,
			);
			runOnlyForDeploymentPostprocessing = 0;
		};
/* End PBXSourcesBuildPhase section */

/* Begin PBXTargetDependency section */
		FF00D43E25DE1A8400C95ACE /* PBXTargetDependency */ = {
			isa = PBXTargetDependency;
			target = FF00D42525DE1A8200C95ACE /* Flix */;
			targetProxy = FF00D43D25DE1A8400C95ACE /* PBXContainerItemProxy */;
		};
		FF00D44925DE1A8400C95ACE /* PBXTargetDependency */ = {
			isa = PBXTargetDependency;
			target = FF00D42525DE1A8200C95ACE /* Flix */;
			targetProxy = FF00D44825DE1A8400C95ACE /* PBXContainerItemProxy */;
		};
/* End PBXTargetDependency section */

/* Begin PBXVariantGroup section */
		FF00D42F25DE1A8200C95ACE /* Main.storyboard */ = {
			isa = PBXVariantGroup;
			children = (
				FF00D43025DE1A8200C95ACE /* Base */,
			);
			name = Main.storyboard;
			sourceTree = "<group>";
		};
		FF00D43425DE1A8400C95ACE /* LaunchScreen.storyboard */ = {
			isa = PBXVariantGroup;
			children = (
				FF00D43525DE1A8400C95ACE /* Base */,
			);
			name = LaunchScreen.storyboard;
			sourceTree = "<group>";
		};
/* End PBXVariantGroup section */

/* Begin XCBuildConfiguration section */
		FF00D44E25DE1A8400C95ACE /* Debug */ = {
			isa = XCBuildConfiguration;
			buildSettings = {
				ALWAYS_SEARCH_USER_PATHS = NO;
				CLANG_ANALYZER_NONNULL = YES;
				CLANG_ANALYZER_NUMBER_OBJECT_CONVERSION = YES_AGGRESSIVE;
				CLANG_CXX_LANGUAGE_STANDARD = "gnu++14";
				CLANG_CXX_LIBRARY = "libc++";
				CLANG_ENABLE_MODULES = YES;
				CLANG_ENABLE_OBJC_ARC = YES;
				CLANG_ENABLE_OBJC_WEAK = YES;
				CLANG_WARN_BLOCK_CAPTURE_AUTORELEASING = YES;
				CLANG_WARN_BOOL_CONVERSION = YES;
				CLANG_WARN_COMMA = YES;
				CLANG_WARN_CONSTANT_CONVERSION = YES;
				CLANG_WARN_DEPRECATED_OBJC_IMPLEMENTATIONS = YES;
				CLANG_WARN_DIRECT_OBJC_ISA_USAGE = YES_ERROR;
				CLANG_WARN_DOCUMENTATION_COMMENTS = YES;
				CLANG_WARN_EMPTY_BODY = YES;
				CLANG_WARN_ENUM_CONVERSION = YES;
				CLANG_WARN_INFINITE_RECURSION = YES;
				CLANG_WARN_INT_CONVERSION = YES;
				CLANG_WARN_NON_LITERAL_NULL_CONVERSION = YES;
				CLANG_WARN_OBJC_IMPLICIT_RETAIN_SELF = YES;
				CLANG_WARN_OBJC_LITERAL_CONVERSION = YES;
				CLANG_WARN_OBJC_ROOT_CLASS = YES_ERROR;
				CLANG_WARN_QUOTED_INCLUDE_IN_FRAMEWORK_HEADER = YES;
				CLANG_WARN_RANGE_LOOP_ANALYSIS = YES;
				CLANG_WARN_STRICT_PROTOTYPES = YES;
				CLANG_WARN_SUSPICIOUS_MOVE = YES;
				CLANG_WARN_UNGUARDED_AVAILABILITY = YES_AGGRESSIVE;
				CLANG_WARN_UNREACHABLE_CODE = YES;
				CLANG_WARN__DUPLICATE_METHOD_MATCH = YES;
				COPY_PHASE_STRIP = NO;
				DEBUG_INFORMATION_FORMAT = dwarf;
				ENABLE_STRICT_OBJC_MSGSEND = YES;
				ENABLE_TESTABILITY = YES;
				GCC_C_LANGUAGE_STANDARD = gnu11;
				GCC_DYNAMIC_NO_PIC = NO;
				GCC_NO_COMMON_BLOCKS = YES;
				GCC_OPTIMIZATION_LEVEL = 0;
				GCC_PREPROCESSOR_DEFINITIONS = (
					"DEBUG=1",
					"$(inherited)",
				);
				GCC_WARN_64_TO_32_BIT_CONVERSION = YES;
				GCC_WARN_ABOUT_RETURN_TYPE = YES_ERROR;
				GCC_WARN_UNDECLARED_SELECTOR = YES;
				GCC_WARN_UNINITIALIZED_AUTOS = YES_AGGRESSIVE;
				GCC_WARN_UNUSED_FUNCTION = YES;
				GCC_WARN_UNUSED_VARIABLE = YES;
				IPHONEOS_DEPLOYMENT_TARGET = 14.4;
				MTL_ENABLE_DEBUG_INFO = INCLUDE_SOURCE;
				MTL_FAST_MATH = YES;
				ONLY_ACTIVE_ARCH = YES;
				SDKROOT = iphoneos;
				SWIFT_ACTIVE_COMPILATION_CONDITIONS = DEBUG;
				SWIFT_OPTIMIZATION_LEVEL = "-Onone";
			};
			name = Debug;
		};
		FF00D44F25DE1A8400C95ACE /* Release */ = {
			isa = XCBuildConfiguration;
			buildSettings = {
				ALWAYS_SEARCH_USER_PATHS = NO;
				CLANG_ANALYZER_NONNULL = YES;
				CLANG_ANALYZER_NUMBER_OBJECT_CONVERSION = YES_AGGRESSIVE;
				CLANG_CXX_LANGUAGE_STANDARD = "gnu++14";
				CLANG_CXX_LIBRARY = "libc++";
				CLANG_ENABLE_MODULES = YES;
				CLANG_ENABLE_OBJC_ARC = YES;
				CLANG_ENABLE_OBJC_WEAK = YES;
				CLANG_WARN_BLOCK_CAPTURE_AUTORELEASING = YES;
				CLANG_WARN_BOOL_CONVERSION = YES;
				CLANG_WARN_COMMA = YES;
				CLANG_WARN_CONSTANT_CONVERSION = YES;
				CLANG_WARN_DEPRECATED_OBJC_IMPLEMENTATIONS = YES;
				CLANG_WARN_DIRECT_OBJC_ISA_USAGE = YES_ERROR;
				CLANG_WARN_DOCUMENTATION_COMMENTS = YES;
				CLANG_WARN_EMPTY_BODY = YES;
				CLANG_WARN_ENUM_CONVERSION = YES;
				CLANG_WARN_INFINITE_RECURSION = YES;
				CLANG_WARN_INT_CONVERSION = YES;
				CLANG_WARN_NON_LITERAL_NULL_CONVERSION = YES;
				CLANG_WARN_OBJC_IMPLICIT_RETAIN_SELF = YES;
				CLANG_WARN_OBJC_LITERAL_CONVERSION = YES;
				CLANG_WARN_OBJC_ROOT_CLASS = YES_ERROR;
				CLANG_WARN_QUOTED_INCLUDE_IN_FRAMEWORK_HEADER = YES;
				CLANG_WARN_RANGE_LOOP_ANALYSIS = YES;
				CLANG_WARN_STRICT_PROTOTYPES = YES;
				CLANG_WARN_SUSPICIOUS_MOVE = YES;
				CLANG_WARN_UNGUARDED_AVAILABILITY = YES_AGGRESSIVE;
				CLANG_WARN_UNREACHABLE_CODE = YES;
				CLANG_WARN__DUPLICATE_METHOD_MATCH = YES;
				COPY_PHASE_STRIP = NO;
				DEBUG_INFORMATION_FORMAT = "dwarf-with-dsym";
				ENABLE_NS_ASSERTIONS = NO;
				ENABLE_STRICT_OBJC_MSGSEND = YES;
				GCC_C_LANGUAGE_STANDARD = gnu11;
				GCC_NO_COMMON_BLOCKS = YES;
				GCC_WARN_64_TO_32_BIT_CONVERSION = YES;
				GCC_WARN_ABOUT_RETURN_TYPE = YES_ERROR;
				GCC_WARN_UNDECLARED_SELECTOR = YES;
				GCC_WARN_UNINITIALIZED_AUTOS = YES_AGGRESSIVE;
				GCC_WARN_UNUSED_FUNCTION = YES;
				GCC_WARN_UNUSED_VARIABLE = YES;
				IPHONEOS_DEPLOYMENT_TARGET = 14.4;
				MTL_ENABLE_DEBUG_INFO = NO;
				MTL_FAST_MATH = YES;
				SDKROOT = iphoneos;
				SWIFT_COMPILATION_MODE = wholemodule;
				SWIFT_OPTIMIZATION_LEVEL = "-O";
				VALIDATE_PRODUCT = YES;
			};
			name = Release;
		};
		FF00D45125DE1A8400C95ACE /* Debug */ = {
			isa = XCBuildConfiguration;
			baseConfigurationReference = 7933E7C79837B3A573D0B2D0 /* Pods-Flix.debug.xcconfig */;
			buildSettings = {
				ASSETCATALOG_COMPILER_APPICON_NAME = AppIcon;
				ASSETCATALOG_COMPILER_GLOBAL_ACCENT_COLOR_NAME = AccentColor;
				CODE_SIGN_STYLE = Automatic;
				INFOPLIST_FILE = Flix/Info.plist;
				LD_RUNPATH_SEARCH_PATHS = (
					"$(inherited)",
					"@executable_path/Frameworks",
				);
				PRODUCT_BUNDLE_IDENTIFIER = memo.com.Flix;
				PRODUCT_NAME = "$(TARGET_NAME)";
				SWIFT_VERSION = 5.0;
				TARGETED_DEVICE_FAMILY = "1,2";
			};
			name = Debug;
		};
		FF00D45225DE1A8400C95ACE /* Release */ = {
			isa = XCBuildConfiguration;
			baseConfigurationReference = 9CB61BBD07F4B4C6730B22A6 /* Pods-Flix.release.xcconfig */;
			buildSettings = {
				ASSETCATALOG_COMPILER_APPICON_NAME = AppIcon;
				ASSETCATALOG_COMPILER_GLOBAL_ACCENT_COLOR_NAME = AccentColor;
				CODE_SIGN_STYLE = Automatic;
				INFOPLIST_FILE = Flix/Info.plist;
				LD_RUNPATH_SEARCH_PATHS = (
					"$(inherited)",
					"@executable_path/Frameworks",
				);
				PRODUCT_BUNDLE_IDENTIFIER = memo.com.Flix;
				PRODUCT_NAME = "$(TARGET_NAME)";
				SWIFT_VERSION = 5.0;
				TARGETED_DEVICE_FAMILY = "1,2";
			};
			name = Release;
		};
		FF00D45425DE1A8400C95ACE /* Debug */ = {
			isa = XCBuildConfiguration;
			baseConfigurationReference = F1E0B0B83C580ACAC8C2A5E4 /* Pods-FlixTests.debug.xcconfig */;
			buildSettings = {
				ALWAYS_EMBED_SWIFT_STANDARD_LIBRARIES = YES;
				BUNDLE_LOADER = "$(TEST_HOST)";
				CODE_SIGN_STYLE = Automatic;
				INFOPLIST_FILE = FlixTests/Info.plist;
				IPHONEOS_DEPLOYMENT_TARGET = 14.4;
				LD_RUNPATH_SEARCH_PATHS = (
					"$(inherited)",
					"@executable_path/Frameworks",
					"@loader_path/Frameworks",
				);
				PRODUCT_BUNDLE_IDENTIFIER = memo.com.FlixTests;
				PRODUCT_NAME = "$(TARGET_NAME)";
				SWIFT_VERSION = 5.0;
				TARGETED_DEVICE_FAMILY = "1,2";
				TEST_HOST = "$(BUILT_PRODUCTS_DIR)/Flix.app/Flix";
			};
			name = Debug;
		};
		FF00D45525DE1A8400C95ACE /* Release */ = {
			isa = XCBuildConfiguration;
			baseConfigurationReference = 2006DF9F8AB3006B276ED6F4 /* Pods-FlixTests.release.xcconfig */;
			buildSettings = {
				ALWAYS_EMBED_SWIFT_STANDARD_LIBRARIES = YES;
				BUNDLE_LOADER = "$(TEST_HOST)";
				CODE_SIGN_STYLE = Automatic;
				INFOPLIST_FILE = FlixTests/Info.plist;
				IPHONEOS_DEPLOYMENT_TARGET = 14.4;
				LD_RUNPATH_SEARCH_PATHS = (
					"$(inherited)",
					"@executable_path/Frameworks",
					"@loader_path/Frameworks",
				);
				PRODUCT_BUNDLE_IDENTIFIER = memo.com.FlixTests;
				PRODUCT_NAME = "$(TARGET_NAME)";
				SWIFT_VERSION = 5.0;
				TARGETED_DEVICE_FAMILY = "1,2";
				TEST_HOST = "$(BUILT_PRODUCTS_DIR)/Flix.app/Flix";
			};
			name = Release;
		};
		FF00D45725DE1A8400C95ACE /* Debug */ = {
			isa = XCBuildConfiguration;
			baseConfigurationReference = 3687D0B02C9AD12FE3532A5A /* Pods-Flix-FlixUITests.debug.xcconfig */;
			buildSettings = {
				ALWAYS_EMBED_SWIFT_STANDARD_LIBRARIES = YES;
				CODE_SIGN_STYLE = Automatic;
				INFOPLIST_FILE = FlixUITests/Info.plist;
				LD_RUNPATH_SEARCH_PATHS = (
					"$(inherited)",
					"@executable_path/Frameworks",
					"@loader_path/Frameworks",
				);
				PRODUCT_BUNDLE_IDENTIFIER = memo.com.FlixUITests;
				PRODUCT_NAME = "$(TARGET_NAME)";
				SWIFT_VERSION = 5.0;
				TARGETED_DEVICE_FAMILY = "1,2";
				TEST_TARGET_NAME = Flix;
			};
			name = Debug;
		};
		FF00D45825DE1A8400C95ACE /* Release */ = {
			isa = XCBuildConfiguration;
			baseConfigurationReference = 7EC2A994F5BBE108151D4722 /* Pods-Flix-FlixUITests.release.xcconfig */;
			buildSettings = {
				ALWAYS_EMBED_SWIFT_STANDARD_LIBRARIES = YES;
				CODE_SIGN_STYLE = Automatic;
				INFOPLIST_FILE = FlixUITests/Info.plist;
				LD_RUNPATH_SEARCH_PATHS = (
					"$(inherited)",
					"@executable_path/Frameworks",
					"@loader_path/Frameworks",
				);
				PRODUCT_BUNDLE_IDENTIFIER = memo.com.FlixUITests;
				PRODUCT_NAME = "$(TARGET_NAME)";
				SWIFT_VERSION = 5.0;
				TARGETED_DEVICE_FAMILY = "1,2";
				TEST_TARGET_NAME = Flix;
			};
			name = Release;
		};
/* End XCBuildConfiguration section */

/* Begin XCConfigurationList section */
		FF00D42125DE1A8200C95ACE /* Build configuration list for PBXProject "Flix" */ = {
			isa = XCConfigurationList;
			buildConfigurations = (
				FF00D44E25DE1A8400C95ACE /* Debug */,
				FF00D44F25DE1A8400C95ACE /* Release */,
			);
			defaultConfigurationIsVisible = 0;
			defaultConfigurationName = Release;
		};
		FF00D45025DE1A8400C95ACE /* Build configuration list for PBXNativeTarget "Flix" */ = {
			isa = XCConfigurationList;
			buildConfigurations = (
				FF00D45125DE1A8400C95ACE /* Debug */,
				FF00D45225DE1A8400C95ACE /* Release */,
			);
			defaultConfigurationIsVisible = 0;
			defaultConfigurationName = Release;
		};
		FF00D45325DE1A8400C95ACE /* Build configuration list for PBXNativeTarget "FlixTests" */ = {
			isa = XCConfigurationList;
			buildConfigurations = (
				FF00D45425DE1A8400C95ACE /* Debug */,
				FF00D45525DE1A8400C95ACE /* Release */,
			);
			defaultConfigurationIsVisible = 0;
			defaultConfigurationName = Release;
		};
		FF00D45625DE1A8400C95ACE /* Build configuration list for PBXNativeTarget "FlixUITests" */ = {
			isa = XCConfigurationList;
			buildConfigurations = (
				FF00D45725DE1A8400C95ACE /* Debug */,
				FF00D45825DE1A8400C95ACE /* Release */,
			);
			defaultConfigurationIsVisible = 0;
			defaultConfigurationName = Release;
		};
/* End XCConfigurationList section */
	};
	rootObject = FF00D41E25DE1A8200C95ACE /* Project object */;
}
